
Microsoft Visual Studio Solution File, Format Version 12.00
# Visual Studio 2013
VisualStudioVersion = 12.0.31101.0
MinimumVisualStudioVersion = 10.0.40219.1
Project("{2150E333-8FDC-42A3-9474-1A3956D46DE8}") = "Bits", "Bits", "{40A4C9F0-C6C6-467D-B076-E9F0EBB4A7B4}"
	ProjectSection(SolutionItems) = preProject
		plan.txt = plan.txt
		README.md = README.md
		SharedAssemblyInfo.cs = SharedAssemblyInfo.cs
	EndProjectSection
EndProject
Project("{FAE04EC0-301F-11D3-BF4B-00C04F79EFBC}") = "Cuckoo", "Cuckoo\Cuckoo.csproj", "{892D38CC-E0F7-4691-B9E6-8F52B2B194D0}"
EndProject
Project("{FAE04EC0-301F-11D3-BF4B-00C04F79EFBC}") = "Cuckoo.Test", "Cuckoo.Test\Cuckoo.Test.csproj", "{DE09F201-5930-4D24-ADBF-F4B27981AF25}"
EndProject
Project("{FAE04EC0-301F-11D3-BF4B-00C04F79EFBC}") = "Cuckoo.TestAssembly", "Cuckoo.TestAssembly\Cuckoo.TestAssembly.csproj", "{34AB5B1E-E2E1-4025-AD1D-C4701EE25715}"
EndProject
Project("{FAE04EC0-301F-11D3-BF4B-00C04F79EFBC}") = "Cuckoo.AnotherTestAssembly", "Cuckoo.AnotherTestAssembly\Cuckoo.AnotherTestAssembly.csproj", "{20CEE2C9-A38E-4F66-95C6-30AF60328A6F}"
EndProject
Project("{2150E333-8FDC-42A3-9474-1A3956D46DE8}") = "Tests", "Tests", "{AB0DB700-160E-43C2-B2A8-B9B54A6791DD}"
EndProject
Project("{2150E333-8FDC-42A3-9474-1A3956D46DE8}") = "NuGet", "NuGet", "{770A1612-EA7E-48E1-A011-B897B464C2C8}"
	ProjectSection(SolutionItems) = preProject
		NuGet\Cuckoo.nuspec = NuGet\Cuckoo.nuspec
		NuGet\tools\install.ps1 = NuGet\tools\install.ps1
		NuGet\tools\uninstall.ps1 = NuGet\tools\uninstall.ps1
	EndProjectSection
EndProject
Project("{FAE04EC0-301F-11D3-BF4B-00C04F79EFBC}") = "Cuckoo.Gather", "Cuckoo.Gather\Cuckoo.Gather.csproj", "{C4392EC3-616A-42E3-8604-8EDCCE234040}"
EndProject
Project("{FAE04EC0-301F-11D3-BF4B-00C04F79EFBC}") = "Cuckoo.Fody", "Cuckoo.Fody\Cuckoo.Fody.csproj", "{4F299A3E-9284-4625-8EAD-42989BD5CECB}"
EndProject
Project("{FAE04EC0-301F-11D3-BF4B-00C04F79EFBC}") = "Cuckoo.Weave", "Cuckoo.Weave\Cuckoo.Weave.csproj", "{15A60CA7-49A7-4E64-A160-26F2D0DA485C}"
EndProject
Global
	GlobalSection(SolutionConfigurationPlatforms) = preSolution
		Debug|Any CPU = Debug|Any CPU
		Release|Any CPU = Release|Any CPU
	EndGlobalSection
	GlobalSection(ProjectConfigurationPlatforms) = postSolution
		{892D38CC-E0F7-4691-B9E6-8F52B2B194D0}.Debug|Any CPU.ActiveCfg = Debug|Any CPU
		{892D38CC-E0F7-4691-B9E6-8F52B2B194D0}.Debug|Any CPU.Build.0 = Debug|Any CPU
		{892D38CC-E0F7-4691-B9E6-8F52B2B194D0}.Release|Any CPU.ActiveCfg = Release|Any CPU
		{892D38CC-E0F7-4691-B9E6-8F52B2B194D0}.Release|Any CPU.Build.0 = Release|Any CPU
		{DE09F201-5930-4D24-ADBF-F4B27981AF25}.Debug|Any CPU.ActiveCfg = Debug|Any CPU
		{DE09F201-5930-4D24-ADBF-F4B27981AF25}.Debug|Any CPU.Build.0 = Debug|Any CPU
		{DE09F201-5930-4D24-ADBF-F4B27981AF25}.Release|Any CPU.ActiveCfg = Release|Any CPU
		{DE09F201-5930-4D24-ADBF-F4B27981AF25}.Release|Any CPU.Build.0 = Release|Any CPU
		{34AB5B1E-E2E1-4025-AD1D-C4701EE25715}.Debug|Any CPU.ActiveCfg = Debug|Any CPU
		{34AB5B1E-E2E1-4025-AD1D-C4701EE25715}.Debug|Any CPU.Build.0 = Debug|Any CPU
		{34AB5B1E-E2E1-4025-AD1D-C4701EE25715}.Release|Any CPU.ActiveCfg = Release|Any CPU
		{34AB5B1E-E2E1-4025-AD1D-C4701EE25715}.Release|Any CPU.Build.0 = Release|Any CPU
		{20CEE2C9-A38E-4F66-95C6-30AF60328A6F}.Debug|Any CPU.ActiveCfg = Debug|Any CPU
		{20CEE2C9-A38E-4F66-95C6-30AF60328A6F}.Debug|Any CPU.Build.0 = Debug|Any CPU
		{20CEE2C9-A38E-4F66-95C6-30AF60328A6F}.Release|Any CPU.ActiveCfg = Release|Any CPU
		{20CEE2C9-A38E-4F66-95C6-30AF60328A6F}.Release|Any CPU.Build.0 = Release|Any CPU
		{C4392EC3-616A-42E3-8604-8EDCCE234040}.Debug|Any CPU.ActiveCfg = Debug|Any CPU
		{C4392EC3-616A-42E3-8604-8EDCCE234040}.Debug|Any CPU.Build.0 = Debug|Any CPU
		{C4392EC3-616A-42E3-8604-8EDCCE234040}.Release|Any CPU.ActiveCfg = Release|Any CPU
		{C4392EC3-616A-42E3-8604-8EDCCE234040}.Release|Any CPU.Build.0 = Release|Any CPU
		{4F299A3E-9284-4625-8EAD-42989BD5CECB}.Debug|Any CPU.ActiveCfg = Debug|Any CPU
		{4F299A3E-9284-4625-8EAD-42989BD5CECB}.Debug|Any CPU.Build.0 = Debug|Any CPU
		{4F299A3E-9284-4625-8EAD-42989BD5CECB}.Release|Any CPU.ActiveCfg = Release|Any CPU
		{4F299A3E-9284-4625-8EAD-42989BD5CECB}.Release|Any CPU.Build.0 = Release|Any CPU
		{15A60CA7-49A7-4E64-A160-26F2D0DA485C}.Debug|Any CPU.ActiveCfg = Debug|Any CPU
		{15A60CA7-49A7-4E64-A160-26F2D0DA485C}.Debug|Any CPU.Build.0 = Debug|Any CPU
		{15A60CA7-49A7-4E64-A160-26F2D0DA485C}.Release|Any CPU.ActiveCfg = Release|Any CPU
		{15A60CA7-49A7-4E64-A160-26F2D0DA485C}.Release|Any CPU.Build.0 = Release|Any CPU
	EndGlobalSection
	GlobalSection(SolutionProperties) = preSolution
		HideSolutionNode = FALSE
	EndGlobalSection
	GlobalSection(NestedProjects) = preSolution
		{DE09F201-5930-4D24-ADBF-F4B27981AF25} = {AB0DB700-160E-43C2-B2A8-B9B54A6791DD}
		{34AB5B1E-E2E1-4025-AD1D-C4701EE25715} = {AB0DB700-160E-43C2-B2A8-B9B54A6791DD}
		{20CEE2C9-A38E-4F66-95C6-30AF60328A6F} = {AB0DB700-160E-43C2-B2A8-B9B54A6791DD}
	EndGlobalSection
EndGlobal
